
Microsoft Visual Studio Solution File, Format Version 12.00
# Visual Studio Version 16
VisualStudioVersion = 16.0.30104.148
MinimumVisualStudioVersion = 10.0.40219.1
Project("{FAE04EC0-301F-11D3-BF4B-00C04F79EFBC}") = "Spillthebeans.api.UWP", "Spillthebeans.api\Spillthebeans.api.UWP\Spillthebeans.api.UWP.csproj", "{E70D7D64-B1D4-46C9-ABEA-D94772357F65}"
EndProject
Project("{FAE04EC0-301F-11D3-BF4B-00C04F79EFBC}") = "Spillthebeans.api.Android", "Spillthebeans.api\Spillthebeans.api.Android\Spillthebeans.api.Android.csproj", "{D251DC19-60AC-4166-B5CE-5AD04B5D90C0}"
EndProject
Project("{FAE04EC0-301F-11D3-BF4B-00C04F79EFBC}") = "Spillthebeans.api.iOS", "Spillthebeans.api\Spillthebeans.api.iOS\Spillthebeans.api.iOS.csproj", "{4B1EBC41-C66C-489C-B65A-800FDC8F715F}"
EndProject
Project("{FAE04EC0-301F-11D3-BF4B-00C04F79EFBC}") = "Spillthebeans.api.Web", "Spillthebeans.api\Spillthebeans.api.Web\Spillthebeans.api.Web.csproj", "{39B63C71-E7D9-44C6-A0C0-A0F2D9840971}"
EndProject
Project("{FAE04EC0-301F-11D3-BF4B-00C04F79EFBC}") = "Spillthebeans.api", "Spillthebeans.api\Spillthebeans.api\Spillthebeans.api.csproj", "{64D3B40F-A443-4310-A7D5-77AAEB69D513}"
EndProject
Global
	GlobalSection(SolutionConfigurationPlatforms) = preSolution
		Debug|Any CPU = Debug|Any CPU
		Debug|ARM = Debug|ARM
		Debug|iPhone = Debug|iPhone
		Debug|iPhoneSimulator = Debug|iPhoneSimulator
		Debug|x64 = Debug|x64
		Debug|x86 = Debug|x86
		Release|Any CPU = Release|Any CPU
		Release|ARM = Release|ARM
		Release|iPhone = Release|iPhone
		Release|iPhoneSimulator = Release|iPhoneSimulator
		Release|x64 = Release|x64
		Release|x86 = Release|x86
	EndGlobalSection
	GlobalSection(ProjectConfigurationPlatforms) = postSolution
		{E70D7D64-B1D4-46C9-ABEA-D94772357F65}.Debug|Any CPU.ActiveCfg = Debug|x86
		{E70D7D64-B1D4-46C9-ABEA-D94772357F65}.Debug|Any CPU.Build.0 = Debug|x86
		{E70D7D64-B1D4-46C9-ABEA-D94772357F65}.Debug|Any CPU.Deploy.0 = Debug|x86
		{E70D7D64-B1D4-46C9-ABEA-D94772357F65}.Debug|ARM.ActiveCfg = Debug|ARM
		{E70D7D64-B1D4-46C9-ABEA-D94772357F65}.Debug|ARM.Build.0 = Debug|ARM
		{E70D7D64-B1D4-46C9-ABEA-D94772357F65}.Debug|ARM.Deploy.0 = Debug|ARM
		{E70D7D64-B1D4-46C9-ABEA-D94772357F65}.Debug|iPhone.ActiveCfg = Debug|x86
		{E70D7D64-B1D4-46C9-ABEA-D94772357F65}.Debug|iPhone.Build.0 = Debug|x86
		{E70D7D64-B1D4-46C9-ABEA-D94772357F65}.Debug|iPhone.Deploy.0 = Debug|x86
		{E70D7D64-B1D4-46C9-ABEA-D94772357F65}.Debug|iPhoneSimulator.ActiveCfg = Debug|x86
		{E70D7D64-B1D4-46C9-ABEA-D94772357F65}.Debug|iPhoneSimulator.Build.0 = Debug|x86
		{E70D7D64-B1D4-46C9-ABEA-D94772357F65}.Debug|iPhoneSimulator.Deploy.0 = Debug|x86
		{E70D7D64-B1D4-46C9-ABEA-D94772357F65}.Debug|x64.ActiveCfg = Debug|x64
		{E70D7D64-B1D4-46C9-ABEA-D94772357F65}.Debug|x64.Build.0 = Debug|x64
		{E70D7D64-B1D4-46C9-ABEA-D94772357F65}.Debug|x64.Deploy.0 = Debug|x64
		{E70D7D64-B1D4-46C9-ABEA-D94772357F65}.Debug|x86.ActiveCfg = Debug|x86
		{E70D7D64-B1D4-46C9-ABEA-D94772357F65}.Debug|x86.Build.0 = Debug|x86
		{E70D7D64-B1D4-46C9-ABEA-D94772357F65}.Debug|x86.Deploy.0 = Debug|x86
		{E70D7D64-B1D4-46C9-ABEA-D94772357F65}.Release|Any CPU.ActiveCfg = Release|x86
		{E70D7D64-B1D4-46C9-ABEA-D94772357F65}.Release|Any CPU.Build.0 = Release|x86
		{E70D7D64-B1D4-46C9-ABEA-D94772357F65}.Release|Any CPU.Deploy.0 = Release|x86
		{E70D7D64-B1D4-46C9-ABEA-D94772357F65}.Release|ARM.ActiveCfg = Release|ARM
		{E70D7D64-B1D4-46C9-ABEA-D94772357F65}.Release|ARM.Build.0 = Release|ARM
		{E70D7D64-B1D4-46C9-ABEA-D94772357F65}.Release|ARM.Deploy.0 = Release|ARM
		{E70D7D64-B1D4-46C9-ABEA-D94772357F65}.Release|iPhone.ActiveCfg = Release|x86
		{E70D7D64-B1D4-46C9-ABEA-D94772357F65}.Release|iPhone.Build.0 = Release|x86
		{E70D7D64-B1D4-46C9-ABEA-D94772357F65}.Release|iPhone.Deploy.0 = Release|x86
		{E70D7D64-B1D4-46C9-ABEA-D94772357F65}.Release|iPhoneSimulator.ActiveCfg = Release|x86
		{E70D7D64-B1D4-46C9-ABEA-D94772357F65}.Release|iPhoneSimulator.Build.0 = Release|x86
		{E70D7D64-B1D4-46C9-ABEA-D94772357F65}.Release|iPhoneSimulator.Deploy.0 = Release|x86
		{E70D7D64-B1D4-46C9-ABEA-D94772357F65}.Release|x64.ActiveCfg = Release|x64
		{E70D7D64-B1D4-46C9-ABEA-D94772357F65}.Release|x64.Build.0 = Release|x64
		{E70D7D64-B1D4-46C9-ABEA-D94772357F65}.Release|x64.Deploy.0 = Release|x64
		{E70D7D64-B1D4-46C9-ABEA-D94772357F65}.Release|x86.ActiveCfg = Release|x86
		{E70D7D64-B1D4-46C9-ABEA-D94772357F65}.Release|x86.Build.0 = Release|x86
		{E70D7D64-B1D4-46C9-ABEA-D94772357F65}.Release|x86.Deploy.0 = Release|x86
		{D251DC19-60AC-4166-B5CE-5AD04B5D90C0}.Debug|Any CPU.ActiveCfg = Debug|Any CPU
		{D251DC19-60AC-4166-B5CE-5AD04B5D90C0}.Debug|Any CPU.Build.0 = Debug|Any CPU
		{D251DC19-60AC-4166-B5CE-5AD04B5D90C0}.Debug|Any CPU.Deploy.0 = Debug|Any CPU
		{D251DC19-60AC-4166-B5CE-5AD04B5D90C0}.Debug|ARM.ActiveCfg = Debug|Any CPU
		{D251DC19-60AC-4166-B5CE-5AD04B5D90C0}.Debug|ARM.Build.0 = Debug|Any CPU
		{D251DC19-60AC-4166-B5CE-5AD04B5D90C0}.Debug|ARM.Deploy.0 = Debug|Any CPU
		{D251DC19-60AC-4166-B5CE-5AD04B5D90C0}.Debug|iPhone.ActiveCfg = Debug|Any CPU
		{D251DC19-60AC-4166-B5CE-5AD04B5D90C0}.Debug|iPhone.Build.0 = Debug|Any CPU
		{D251DC19-60AC-4166-B5CE-5AD04B5D90C0}.Debug|iPhone.Deploy.0 = Debug|Any CPU
		{D251DC19-60AC-4166-B5CE-5AD04B5D90C0}.Debug|iPhoneSimulator.ActiveCfg = Debug|Any CPU
		{D251DC19-60AC-4166-B5CE-5AD04B5D90C0}.Debug|iPhoneSimulator.Build.0 = Debug|Any CPU
		{D251DC19-60AC-4166-B5CE-5AD04B5D90C0}.Debug|iPhoneSimulator.Deploy.0 = Debug|Any CPU
		{D251DC19-60AC-4166-B5CE-5AD04B5D90C0}.Debug|x64.ActiveCfg = Debug|Any CPU
		{D251DC19-60AC-4166-B5CE-5AD04B5D90C0}.Debug|x64.Build.0 = Debug|Any CPU
		{D251DC19-60AC-4166-B5CE-5AD04B5D90C0}.Debug|x64.Deploy.0 = Debug|Any CPU
		{D251DC19-60AC-4166-B5CE-5AD04B5D90C0}.Debug|x86.ActiveCfg = Debug|Any CPU
		{D251DC19-60AC-4166-B5CE-5AD04B5D90C0}.Debug|x86.Build.0 = Debug|Any CPU
		{D251DC19-60AC-4166-B5CE-5AD04B5D90C0}.Debug|x86.Deploy.0 = Debug|Any CPU
		{D251DC19-60AC-4166-B5CE-5AD04B5D90C0}.Release|Any CPU.ActiveCfg = Release|Any CPU
		{D251DC19-60AC-4166-B5CE-5AD04B5D90C0}.Release|Any CPU.Build.0 = Release|Any CPU
		{D251DC19-60AC-4166-B5CE-5AD04B5D90C0}.Release|Any CPU.Deploy.0 = Release|Any CPU
		{D251DC19-60AC-4166-B5CE-5AD04B5D90C0}.Release|ARM.ActiveCfg = Release|Any CPU
		{D251DC19-60AC-4166-B5CE-5AD04B5D90C0}.Release|ARM.Build.0 = Release|Any CPU
		{D251DC19-60AC-4166-B5CE-5AD04B5D90C0}.Release|ARM.Deploy.0 = Release|Any CPU
		{D251DC19-60AC-4166-B5CE-5AD04B5D90C0}.Release|iPhone.ActiveCfg = Release|Any CPU
		{D251DC19-60AC-4166-B5CE-5AD04B5D90C0}.Release|iPhone.Build.0 = Release|Any CPU
		{D251DC19-60AC-4166-B5CE-5AD04B5D90C0}.Release|iPhone.Deploy.0 = Release|Any CPU
		{D251DC19-60AC-4166-B5CE-5AD04B5D90C0}.Release|iPhoneSimulator.ActiveCfg = Release|Any CPU
		{D251DC19-60AC-4166-B5CE-5AD04B5D90C0}.Release|iPhoneSimulator.Build.0 = Release|Any CPU
		{D251DC19-60AC-4166-B5CE-5AD04B5D90C0}.Release|iPhoneSimulator.Deploy.0 = Release|Any CPU
		{D251DC19-60AC-4166-B5CE-5AD04B5D90C0}.Release|x64.ActiveCfg = Release|Any CPU
		{D251DC19-60AC-4166-B5CE-5AD04B5D90C0}.Release|x64.Build.0 = Release|Any CPU
		{D251DC19-60AC-4166-B5CE-5AD04B5D90C0}.Release|x64.Deploy.0 = Release|Any CPU
		{D251DC19-60AC-4166-B5CE-5AD04B5D90C0}.Release|x86.ActiveCfg = Release|Any CPU
		{D251DC19-60AC-4166-B5CE-5AD04B5D90C0}.Release|x86.Build.0 = Release|Any CPU
		{D251DC19-60AC-4166-B5CE-5AD04B5D90C0}.Release|x86.Deploy.0 = Release|Any CPU
		{4B1EBC41-C66C-489C-B65A-800FDC8F715F}.Debug|Any CPU.ActiveCfg = Debug|iPhone
		{4B1EBC41-C66C-489C-B65A-800FDC8F715F}.Debug|Any CPU.Build.0 = Debug|iPhone
		{4B1EBC41-C66C-489C-B65A-800FDC8F715F}.Debug|Any CPU.Deploy.0 = Debug|iPhone
		{4B1EBC41-C66C-489C-B65A-800FDC8F715F}.Debug|ARM.ActiveCfg = Debug|iPhone
		{4B1EBC41-C66C-489C-B65A-800FDC8F715F}.Debug|ARM.Build.0 = Debug|iPhone
		{4B1EBC41-C66C-489C-B65A-800FDC8F715F}.Debug|ARM.Deploy.0 = Debug|iPhone
		{4B1EBC41-C66C-489C-B65A-800FDC8F715F}.Debug|iPhone.ActiveCfg = Debug|iPhone
		{4B1EBC41-C66C-489C-B65A-800FDC8F715F}.Debug|iPhone.Build.0 = Debug|iPhone
		{4B1EBC41-C66C-489C-B65A-800FDC8F715F}.Debug|iPhone.Deploy.0 = Debug|iPhone
		{4B1EBC41-C66C-489C-B65A-800FDC8F715F}.Debug|iPhoneSimulator.ActiveCfg = Debug|iPhoneSimulator
		{4B1EBC41-C66C-489C-B65A-800FDC8F715F}.Debug|iPhoneSimulator.Build.0 = Debug|iPhoneSimulator
		{4B1EBC41-C66C-489C-B65A-800FDC8F715F}.Debug|iPhoneSimulator.Deploy.0 = Debug|iPhoneSimulator
		{4B1EBC41-C66C-489C-B65A-800FDC8F715F}.Debug|x64.ActiveCfg = Debug|iPhone
		{4B1EBC41-C66C-489C-B65A-800FDC8F715F}.Debug|x64.Build.0 = Debug|iPhone
		{4B1EBC41-C66C-489C-B65A-800FDC8F715F}.Debug|x64.Deploy.0 = Debug|iPhone
		{4B1EBC41-C66C-489C-B65A-800FDC8F715F}.Debug|x86.ActiveCfg = Debug|iPhone
		{4B1EBC41-C66C-489C-B65A-800FDC8F715F}.Debug|x86.Build.0 = Debug|iPhone
		{4B1EBC41-C66C-489C-B65A-800FDC8F715F}.Debug|x86.Deploy.0 = Debug|iPhone
		{4B1EBC41-C66C-489C-B65A-800FDC8F715F}.Release|Any CPU.ActiveCfg = Release|iPhone
		{4B1EBC41-C66C-489C-B65A-800FDC8F715F}.Release|Any CPU.Build.0 = Release|iPhone
		{4B1EBC41-C66C-489C-B65A-800FDC8F715F}.Release|Any CPU.Deploy.0 = Release|iPhone
		{4B1EBC41-C66C-489C-B65A-800FDC8F715F}.Release|ARM.ActiveCfg = Release|iPhone
		{4B1EBC41-C66C-489C-B65A-800FDC8F715F}.Release|ARM.Build.0 = Release|iPhone
		{4B1EBC41-C66C-489C-B65A-800FDC8F715F}.Release|ARM.Deploy.0 = Release|iPhone
		{4B1EBC41-C66C-489C-B65A-800FDC8F715F}.Release|iPhone.ActiveCfg = Release|iPhone
		{4B1EBC41-C66C-489C-B65A-800FDC8F715F}.Release|iPhone.Build.0 = Release|iPhone
		{4B1EBC41-C66C-489C-B65A-800FDC8F715F}.Release|iPhone.Deploy.0 = Release|iPhone
		{4B1EBC41-C66C-489C-B65A-800FDC8F715F}.Release|iPhoneSimulator.ActiveCfg = Release|iPhoneSimulator
		{4B1EBC41-C66C-489C-B65A-800FDC8F715F}.Release|iPhoneSimulator.Build.0 = Release|iPhoneSimulator
		{4B1EBC41-C66C-489C-B65A-800FDC8F715F}.Release|iPhoneSimulator.Deploy.0 = Release|iPhoneSimulator
		{4B1EBC41-C66C-489C-B65A-800FDC8F715F}.Release|x64.ActiveCfg = Release|iPhone
		{4B1EBC41-C66C-489C-B65A-800FDC8F715F}.Release|x64.Build.0 = Release|iPhone
		{4B1EBC41-C66C-489C-B65A-800FDC8F715F}.Release|x64.Deploy.0 = Release|iPhone
		{4B1EBC41-C66C-489C-B65A-800FDC8F715F}.Release|x86.ActiveCfg = Release|iPhone
		{4B1EBC41-C66C-489C-B65A-800FDC8F715F}.Release|x86.Build.0 = Release|iPhone
		{4B1EBC41-C66C-489C-B65A-800FDC8F715F}.Release|x86.Deploy.0 = Release|iPhone
		{39B63C71-E7D9-44C6-A0C0-A0F2D9840971}.Debug|Any CPU.ActiveCfg = Debug|Any CPU
		{39B63C71-E7D9-44C6-A0C0-A0F2D9840971}.Debug|Any CPU.Build.0 = Debug|Any CPU
		{39B63C71-E7D9-44C6-A0C0-A0F2D9840971}.Debug|Any CPU.Deploy.0 = Debug|Any CPU
		{39B63C71-E7D9-44C6-A0C0-A0F2D9840971}.Debug|ARM.ActiveCfg = Debug|Any CPU
		{39B63C71-E7D9-44C6-A0C0-A0F2D9840971}.Debug|ARM.Build.0 = Debug|Any CPU
		{39B63C71-E7D9-44C6-A0C0-A0F2D9840971}.Debug|ARM.Deploy.0 = Debug|Any CPU
		{39B63C71-E7D9-44C6-A0C0-A0F2D9840971}.Debug|iPhone.ActiveCfg = Debug|Any CPU
		{39B63C71-E7D9-44C6-A0C0-A0F2D9840971}.Debug|iPhone.Build.0 = Debug|Any CPU
		{39B63C71-E7D9-44C6-A0C0-A0F2D9840971}.Debug|iPhone.Deploy.0 = Debug|Any CPU
		{39B63C71-E7D9-44C6-A0C0-A0F2D9840971}.Debug|iPhoneSimulator.ActiveCfg = Debug|Any CPU
		{39B63C71-E7D9-44C6-A0C0-A0F2D9840971}.Debug|iPhoneSimulator.Build.0 = Debug|Any CPU
		{39B63C71-E7D9-44C6-A0C0-A0F2D9840971}.Debug|iPhoneSimulator.Deploy.0 = Debug|Any CPU
		{39B63C71-E7D9-44C6-A0C0-A0F2D9840971}.Debug|x64.ActiveCfg = Debug|Any CPU
		{39B63C71-E7D9-44C6-A0C0-A0F2D9840971}.Debug|x64.Build.0 = Debug|Any CPU
		{39B63C71-E7D9-44C6-A0C0-A0F2D9840971}.Debug|x64.Deploy.0 = Debug|Any CPU
		{39B63C71-E7D9-44C6-A0C0-A0F2D9840971}.Debug|x86.ActiveCfg = Debug|Any CPU
		{39B63C71-E7D9-44C6-A0C0-A0F2D9840971}.Debug|x86.Build.0 = Debug|Any CPU
		{39B63C71-E7D9-44C6-A0C0-A0F2D9840971}.Debug|x86.Deploy.0 = Debug|Any CPU
		{39B63C71-E7D9-44C6-A0C0-A0F2D9840971}.Release|Any CPU.ActiveCfg = Release|Any CPU
		{39B63C71-E7D9-44C6-A0C0-A0F2D9840971}.Release|Any CPU.Build.0 = Release|Any CPU
		{39B63C71-E7D9-44C6-A0C0-A0F2D9840971}.Release|Any CPU.Deploy.0 = Release|Any CPU
		{39B63C71-E7D9-44C6-A0C0-A0F2D9840971}.Release|ARM.ActiveCfg = Release|Any CPU
		{39B63C71-E7D9-44C6-A0C0-A0F2D9840971}.Release|ARM.Build.0 = Release|Any CPU
		{39B63C71-E7D9-44C6-A0C0-A0F2D9840971}.Release|ARM.Deploy.0 = Release|Any CPU
		{39B63C71-E7D9-44C6-A0C0-A0F2D9840971}.Release|iPhone.ActiveCfg = Release|Any CPU
		{39B63C71-E7D9-44C6-A0C0-A0F2D9840971}.Release|iPhone.Build.0 = Release|Any CPU
		{39B63C71-E7D9-44C6-A0C0-A0F2D9840971}.Release|iPhone.Deploy.0 = Release|Any CPU
		{39B63C71-E7D9-44C6-A0C0-A0F2D9840971}.Release|iPhoneSimulator.ActiveCfg = Release|Any CPU
		{39B63C71-E7D9-44C6-A0C0-A0F2D9840971}.Release|iPhoneSimulator.Build.0 = Release|Any CPU
		{39B63C71-E7D9-44C6-A0C0-A0F2D9840971}.Release|iPhoneSimulator.Deploy.0 = Release|Any CPU
		{39B63C71-E7D9-44C6-A0C0-A0F2D9840971}.Release|x64.ActiveCfg = Release|Any CPU
		{39B63C71-E7D9-44C6-A0C0-A0F2D9840971}.Release|x64.Build.0 = Release|Any CPU
		{39B63C71-E7D9-44C6-A0C0-A0F2D9840971}.Release|x64.Deploy.0 = Release|Any CPU
		{39B63C71-E7D9-44C6-A0C0-A0F2D9840971}.Release|x86.ActiveCfg = Release|Any CPU
		{39B63C71-E7D9-44C6-A0C0-A0F2D9840971}.Release|x86.Build.0 = Release|Any CPU
		{39B63C71-E7D9-44C6-A0C0-A0F2D9840971}.Release|x86.Deploy.0 = Release|Any CPU
		{64D3B40F-A443-4310-A7D5-77AAEB69D513}.Debug|Any CPU.ActiveCfg = Debug|Any CPU
		{64D3B40F-A443-4310-A7D5-77AAEB69D513}.Debug|Any CPU.Build.0 = Debug|Any CPU
		{64D3B40F-A443-4310-A7D5-77AAEB69D513}.Debug|Any CPU.Deploy.0 = Debug|Any CPU
		{64D3B40F-A443-4310-A7D5-77AAEB69D513}.Debug|ARM.ActiveCfg = Debug|Any CPU
		{64D3B40F-A443-4310-A7D5-77AAEB69D513}.Debug|ARM.Build.0 = Debug|Any CPU
		{64D3B40F-A443-4310-A7D5-77AAEB69D513}.Debug|ARM.Deploy.0 = Debug|Any CPU
		{64D3B40F-A443-4310-A7D5-77AAEB69D513}.Debug|iPhone.ActiveCfg = Debug|Any CPU
		{64D3B40F-A443-4310-A7D5-77AAEB69D513}.Debug|iPhone.Build.0 = Debug|Any CPU
		{64D3B40F-A443-4310-A7D5-77AAEB69D513}.Debug|iPhone.Deploy.0 = Debug|Any CPU
		{64D3B40F-A443-4310-A7D5-77AAEB69D513}.Debug|iPhoneSimulator.ActiveCfg = Debug|Any CPU
		{64D3B40F-A443-4310-A7D5-77AAEB69D513}.Debug|iPhoneSimulator.Build.0 = Debug|Any CPU
		{64D3B40F-A443-4310-A7D5-77AAEB69D513}.Debug|iPhoneSimulator.Deploy.0 = Debug|Any CPU
		{64D3B40F-A443-4310-A7D5-77AAEB69D513}.Debug|x64.ActiveCfg = Debug|Any CPU
		{64D3B40F-A443-4310-A7D5-77AAEB69D513}.Debug|x64.Build.0 = Debug|Any CPU
		{64D3B40F-A443-4310-A7D5-77AAEB69D513}.Debug|x64.Deploy.0 = Debug|Any CPU
		{64D3B40F-A443-4310-A7D5-77AAEB69D513}.Debug|x86.ActiveCfg = Debug|Any CPU
		{64D3B40F-A443-4310-A7D5-77AAEB69D513}.Debug|x86.Build.0 = Debug|Any CPU
		{64D3B40F-A443-4310-A7D5-77AAEB69D513}.Debug|x86.Deploy.0 = Debug|Any CPU
		{64D3B40F-A443-4310-A7D5-77AAEB69D513}.Release|Any CPU.ActiveCfg = Release|Any CPU
		{64D3B40F-A443-4310-A7D5-77AAEB69D513}.Release|Any CPU.Build.0 = Release|Any CPU
		{64D3B40F-A443-4310-A7D5-77AAEB69D513}.Release|Any CPU.Deploy.0 = Release|Any CPU
		{64D3B40F-A443-4310-A7D5-77AAEB69D513}.Release|ARM.ActiveCfg = Release|Any CPU
		{64D3B40F-A443-4310-A7D5-77AAEB69D513}.Release|ARM.Build.0 = Release|Any CPU
		{64D3B40F-A443-4310-A7D5-77AAEB69D513}.Release|ARM.Deploy.0 = Release|Any CPU
		{64D3B40F-A443-4310-A7D5-77AAEB69D513}.Release|iPhone.ActiveCfg = Release|Any CPU
		{64D3B40F-A443-4310-A7D5-77AAEB69D513}.Release|iPhone.Build.0 = Release|Any CPU
		{64D3B40F-A443-4310-A7D5-77AAEB69D513}.Release|iPhone.Deploy.0 = Release|Any CPU
		{64D3B40F-A443-4310-A7D5-77AAEB69D513}.Release|iPhoneSimulator.ActiveCfg = Release|Any CPU
		{64D3B40F-A443-4310-A7D5-77AAEB69D513}.Release|iPhoneSimulator.Build.0 = Release|Any CPU
		{64D3B40F-A443-4310-A7D5-77AAEB69D513}.Release|iPhoneSimulator.Deploy.0 = Release|Any CPU
		{64D3B40F-A443-4310-A7D5-77AAEB69D513}.Release|x64.ActiveCfg = Release|Any CPU
		{64D3B40F-A443-4310-A7D5-77AAEB69D513}.Release|x64.Build.0 = Release|Any CPU
		{64D3B40F-A443-4310-A7D5-77AAEB69D513}.Release|x64.Deploy.0 = Release|Any CPU
		{64D3B40F-A443-4310-A7D5-77AAEB69D513}.Release|x86.ActiveCfg = Release|Any CPU
		{64D3B40F-A443-4310-A7D5-77AAEB69D513}.Release|x86.Build.0 = Release|Any CPU
		{64D3B40F-A443-4310-A7D5-77AAEB69D513}.Release|x86.Deploy.0 = Release|Any CPU
	EndGlobalSection
	GlobalSection(SolutionProperties) = preSolution
		HideSolutionNode = FALSE
	EndGlobalSection
	GlobalSection(ExtensibilityGlobals) = postSolution
		SolutionGuid = {26DEE5C8-6926-404F-B611-762B2C0EFC61}
	EndGlobalSection
EndGlobal
